// !$*UTF8*$!
{
	archiveVersion = 1;
	classes = {
	};
	objectVersion = 77;
	objects = {

/* Begin PBXBuildFile section */
		B7BFEDA678586F96AF971A95 /* Pods_FNative.framework in Frameworks */ = {isa = PBXBuildFile; fileRef = F71B11542CD07CBC7EAB3D93 /* Pods_FNative.framework */; };
/* End PBXBuildFile section */

/* Begin PBXContainerItemProxy section */
		F822F6B82EB51AB700BACB75 /* PBXContainerItemProxy */ = {
			isa = PBXContainerItemProxy;
			containerPortal = F822F6A22EB51AB500BACB75 /* Project object */;
			proxyType = 1;
			remoteGlobalIDString = F822F6A92EB51AB500BACB75;
			remoteInfo = FNative;
		};
		F822F6C22EB51AB700BACB75 /* PBXContainerItemProxy */ = {
			isa = PBXContainerItemProxy;
			containerPortal = F822F6A22EB51AB500BACB75 /* Project object */;
			proxyType = 1;
			remoteGlobalIDString = F822F6A92EB51AB500BACB75;
			remoteInfo = FNative;
		};
/* End PBXContainerItemProxy section */

/* Begin PBXFileReference section */
		71A635AEC62F8888A74DA378 /* Pods-FNative.debug.xcconfig */ = {isa = PBXFileReference; includeInIndex = 1; lastKnownFileType = text.xcconfig; name = "Pods-FNative.debug.xcconfig"; path = "Target Support Files/Pods-FNative/Pods-FNative.debug.xcconfig"; sourceTree = "<group>"; };
		CDA11C90BC94F4893B35DFC9 /* Pods-FNative.release.xcconfig */ = {isa = PBXFileReference; includeInIndex = 1; lastKnownFileType = text.xcconfig; name = "Pods-FNative.release.xcconfig"; path = "Target Support Files/Pods-FNative/Pods-FNative.release.xcconfig"; sourceTree = "<group>"; };
		F71B11542CD07CBC7EAB3D93 /* Pods_FNative.framework */ = {isa = PBXFileReference; explicitFileType = wrapper.framework; includeInIndex = 0; path = Pods_FNative.framework; sourceTree = BUILT_PRODUCTS_DIR; };
		F822F6AA2EB51AB500BACB75 /* FNative.app */ = {isa = PBXFileReference; explicitFileType = wrapper.application; includeInIndex = 0; path = FNative.app; sourceTree = BUILT_PRODUCTS_DIR; };
		F822F6B72EB51AB700BACB75 /* FNativeTests.xctest */ = {isa = PBXFileReference; explicitFileType = wrapper.cfbundle; includeInIndex = 0; path = FNativeTests.xctest; sourceTree = BUILT_PRODUCTS_DIR; };
		F822F6C12EB51AB700BACB75 /* FNativeUITests.xctest */ = {isa = PBXFileReference; explicitFileType = wrapper.cfbundle; includeInIndex = 0; path = FNativeUITests.xctest; sourceTree = BUILT_PRODUCTS_DIR; };
/* End PBXFileReference section */

/* Begin PBXFileSystemSynchronizedRootGroup section */
		F822F6AC2EB51AB500BACB75 /* FNative */ = {
			isa = PBXFileSystemSynchronizedRootGroup;
			path = FNative;
			sourceTree = "<group>";
		};
		F822F6BA2EB51AB700BACB75 /* FNativeTests */ = {
			isa = PBXFileSystemSynchronizedRootGroup;
			path = FNativeTests;
			sourceTree = "<group>";
		};
		F822F6C42EB51AB700BACB75 /* FNativeUITests */ = {
			isa = PBXFileSystemSynchronizedRootGroup;
			path = FNativeUITests;
			sourceTree = "<group>";
		};
/* End PBXFileSystemSynchronizedRootGroup section */

/* Begin PBXFrameworksBuildPhase section */
		F822F6A72EB51AB500BACB75 /* Frameworks */ = {
			isa = PBXFrameworksBuildPhase;
			buildActionMask = 2147483647;
			files = (
				B7BFEDA678586F96AF971A95 /* Pods_FNative.framework in Frameworks */,
			);
			runOnlyForDeploymentPostprocessing = 0;
		};
		F822F6B42EB51AB700BACB75 /* Frameworks */ = {
			isa = PBXFrameworksBuildPhase;
			buildActionMask = 2147483647;
			files = (
			);
			runOnlyForDeploymentPostprocessing = 0;
		};
		F822F6BE2EB51AB700BACB75 /* Frameworks */ = {
			isa = PBXFrameworksBuildPhase;
			buildActionMask = 2147483647;
			files = (
			);
			runOnlyForDeploymentPostprocessing = 0;
		};
/* End PBXFrameworksBuildPhase section */

/* Begin PBXGroup section */
		53EC502B07D53F551B606663 /* Pods */ = {
			isa = PBXGroup;
			children = (
				71A635AEC62F8888A74DA378 /* Pods-FNative.debug.xcconfig */,
				CDA11C90BC94F4893B35DFC9 /* Pods-FNative.release.xcconfig */,
			);
			path = Pods;
			sourceTree = "<group>";
		};
		ADA4F98344F552A09C4CB722 /* Frameworks */ = {
			isa = PBXGroup;
			children = (
				F71B11542CD07CBC7EAB3D93 /* Pods_FNative.framework */,
			);
			name = Frameworks;
			sourceTree = "<group>";
		};
		F822F6A12EB51AB500BACB75 = {
			isa = PBXGroup;
			children = (
				F822F6AC2EB51AB500BACB75 /* FNative */,
				F822F6BA2EB51AB700BACB75 /* FNativeTests */,
				F822F6C42EB51AB700BACB75 /* FNativeUITests */,
				F822F6AB2EB51AB500BACB75 /* Products */,
				53EC502B07D53F551B606663 /* Pods */,
				ADA4F98344F552A09C4CB722 /* Frameworks */,
			);
			sourceTree = "<group>";
		};
		F822F6AB2EB51AB500BACB75 /* Products */ = {
			isa = PBXGroup;
			children = (
				F822F6AA2EB51AB500BACB75 /* FNative.app */,
				F822F6B72EB51AB700BACB75 /* FNativeTests.xctest */,
				F822F6C12EB51AB700BACB75 /* FNativeUITests.xctest */,
			);
			name = Products;
			sourceTree = "<group>";
		};
/* End PBXGroup section */

/* Begin PBXNativeTarget section */
		F822F6A92EB51AB500BACB75 /* FNative */ = {
			isa = PBXNativeTarget;
			buildConfigurationList = F822F6CB2EB51AB700BACB75 /* Build configuration list for PBXNativeTarget "FNative" */;
			buildPhases = (
				E0F419DBB36E515F40797109 /* [CP] Check Pods Manifest.lock */,
				724F3E03BC8B2BF942883D3E /* [CP-User] Run Flutter Build f_home Script */,
				F822F6A62EB51AB500BACB75 /* Sources */,
				F822F6A72EB51AB500BACB75 /* Frameworks */,
				F822F6A82EB51AB500BACB75 /* Resources */,
				EF3F8131FDD21A85D9ED83EC /* [CP-User] Embed Flutter Build f_home Script */,
			);
			buildRules = (
			);
			dependencies = (
			);
			fileSystemSynchronizedGroups = (
				F822F6AC2EB51AB500BACB75 /* FNative */,
			);
			name = FNative;
			productName = FNative;
			productReference = F822F6AA2EB51AB500BACB75 /* FNative.app */;
			productType = "com.apple.product-type.application";
		};
		F822F6B62EB51AB700BACB75 /* FNativeTests */ = {
			isa = PBXNativeTarget;
			buildConfigurationList = F822F6CE2EB51AB700BACB75 /* Build configuration list for PBXNativeTarget "FNativeTests" */;
			buildPhases = (
				F822F6B32EB51AB700BACB75 /* Sources */,
				F822F6B42EB51AB700BACB75 /* Frameworks */,
				F822F6B52EB51AB700BACB75 /* Resources */,
			);
			buildRules = (
			);
			dependencies = (
				F822F6B92EB51AB700BACB75 /* PBXTargetDependency */,
			);
			fileSystemSynchronizedGroups = (
				F822F6BA2EB51AB700BACB75 /* FNativeTests */,
			);
			name = FNativeTests;
			productName = FNativeTests;
			productReference = F822F6B72EB51AB700BACB75 /* FNativeTests.xctest */;
			productType = "com.apple.product-type.bundle.unit-test";
		};
		F822F6C02EB51AB700BACB75 /* FNativeUITests */ = {
			isa = PBXNativeTarget;
			buildConfigurationList = F822F6D12EB51AB700BACB75 /* Build configuration list for PBXNativeTarget "FNativeUITests" */;
			buildPhases = (
				F822F6BD2EB51AB700BACB75 /* Sources */,
				F822F6BE2EB51AB700BACB75 /* Frameworks */,
				F822F6BF2EB51AB700BACB75 /* Resources */,
			);
			buildRules = (
			);
			dependencies = (
				F822F6C32EB51AB700BACB75 /* PBXTargetDependency */,
			);
			fileSystemSynchronizedGroups = (
				F822F6C42EB51AB700BACB75 /* FNativeUITests */,
			);
			name = FNativeUITests;
			productName = FNativeUITests;
			productReference = F822F6C12EB51AB700BACB75 /* FNativeUITests.xctest */;
			productType = "com.apple.product-type.bundle.ui-testing";
		};
/* End PBXNativeTarget section */

/* Begin PBXProject section */
		F822F6A22EB51AB500BACB75 /* Project object */ = {
			isa = PBXProject;
			attributes = {
				BuildIndependentTargetsInParallel = 1;
				LastSwiftUpdateCheck = 2600;
				LastUpgradeCheck = 2600;
				TargetAttributes = {
					F822F6A92EB51AB500BACB75 = {
						CreatedOnToolsVersion = 26.0.1;
					};
					F822F6B62EB51AB700BACB75 = {
						CreatedOnToolsVersion = 26.0.1;
						TestTargetID = F822F6A92EB51AB500BACB75;
					};
					F822F6C02EB51AB700BACB75 = {
						CreatedOnToolsVersion = 26.0.1;
						TestTargetID = F822F6A92EB51AB500BACB75;
					};
				};
			};
			buildConfigurationList = F822F6A52EB51AB500BACB75 /* Build configuration list for PBXProject "FNative" */;
			developmentRegion = en;
			hasScannedForEncodings = 0;
			knownRegions = (
				en,
				Base,
			);
			mainGroup = F822F6A12EB51AB500BACB75;
			minimizedProjectReferenceProxies = 1;
			preferredProjectObjectVersion = 77;
			productRefGroup = F822F6AB2EB51AB500BACB75 /* Products */;
			projectDirPath = "";
			projectRoot = "";
			targets = (
				F822F6A92EB51AB500BACB75 /* FNative */,
				F822F6B62EB51AB700BACB75 /* FNativeTests */,
				F822F6C02EB51AB700BACB75 /* FNativeUITests */,
			);
		};
/* End PBXProject section */

/* Begin PBXResourcesBuildPhase section */
		F822F6A82EB51AB500BACB75 /* Resources */ = {
			isa = PBXResourcesBuildPhase;
			buildActionMask = 2147483647;
			files = (
			);
			runOnlyForDeploymentPostprocessing = 0;
		};
		F822F6B52EB51AB700BACB75 /* Resources */ = {
			isa = PBXResourcesBuildPhase;
			buildActionMask = 2147483647;
			files = (
			);
			runOnlyForDeploymentPostprocessing = 0;
		};
		F822F6BF2EB51AB700BACB75 /* Resources */ = {
			isa = PBXResourcesBuildPhase;
			buildActionMask = 2147483647;
			files = (
			);
			runOnlyForDeploymentPostprocessing = 0;
		};
/* End PBXResourcesBuildPhase section */

/* Begin PBXShellScriptBuildPhase section */
		724F3E03BC8B2BF942883D3E /* [CP-User] Run Flutter Build f_home Script */ = {
			isa = PBXShellScriptBuildPhase;
			buildActionMask = 2147483647;
			files = (
			);
			inputPaths = (
			);
			name = "[CP-User] Run Flutter Build f_home Script";
			outputPaths = (
			);
			runOnlyForDeploymentPostprocessing = 0;
			shellPath = /bin/sh;
			shellScript = "set -e\nset -u\nsource \"${SRCROOT}/../../modules/f_home/.ios/Flutter/flutter_export_environment.sh\"\nexport VERBOSE_SCRIPT_LOGGING=1 && \"$FLUTTER_ROOT\"/packages/flutter_tools/bin/xcode_backend.sh build";
		};
		E0F419DBB36E515F40797109 /* [CP] Check Pods Manifest.lock */ = {
			isa = PBXShellScriptBuildPhase;
			buildActionMask = 2147483647;
			files = (
			);
			inputFileListPaths = (
			);
			inputPaths = (
				"${PODS_PODFILE_DIR_PATH}/Podfile.lock",
				"${PODS_ROOT}/Manifest.lock",
			);
			name = "[CP] Check Pods Manifest.lock";
			outputFileListPaths = (
			);
			outputPaths = (
				"$(DERIVED_FILE_DIR)/Pods-FNative-checkManifestLockResult.txt",
			);
			runOnlyForDeploymentPostprocessing = 0;
			shellPath = /bin/sh;
			shellScript = "diff \"${PODS_PODFILE_DIR_PATH}/Podfile.lock\" \"${PODS_ROOT}/Manifest.lock\" > /dev/null\nif [ $? != 0 ] ; then\n    # print error to STDERR\n    echo \"error: The sandbox is not in sync with the Podfile.lock. Run 'pod install' or update your CocoaPods installation.\" >&2\n    exit 1\nfi\n# This output is used by Xcode 'outputs' to avoid re-running this script phase.\necho \"SUCCESS\" > \"${SCRIPT_OUTPUT_FILE_0}\"\n";
			showEnvVarsInLog = 0;
		};
		EF3F8131FDD21A85D9ED83EC /* [CP-User] Embed Flutter Build f_home Script */ = {
			isa = PBXShellScriptBuildPhase;
			buildActionMask = 2147483647;
			files = (
			);
			inputPaths = (
			);
			name = "[CP-User] Embed Flutter Build f_home Script";
			outputPaths = (
			);
			runOnlyForDeploymentPostprocessing = 0;
			shellPath = /bin/sh;
			shellScript = "set -e\nset -u\nsource \"${SRCROOT}/../../modules/f_home/.ios/Flutter/flutter_export_environment.sh\"\nexport VERBOSE_SCRIPT_LOGGING=1 && \"$FLUTTER_ROOT\"/packages/flutter_tools/bin/xcode_backend.sh embed_and_thin";
		};
/* End PBXShellScriptBuildPhase section */

/* Begin PBXSourcesBuildPhase section */
		F822F6A62EB51AB500BACB75 /* Sources */ = {
			isa = PBXSourcesBuildPhase;
			buildActionMask = 2147483647;
			files = (
			);
			runOnlyForDeploymentPostprocessing = 0;
		};
		F822F6B32EB51AB700BACB75 /* Sources */ = {
			isa = PBXSourcesBuildPhase;
			buildActionMask = 2147483647;
			files = (
			);
			runOnlyForDeploymentPostprocessing = 0;
		};
		F822F6BD2EB51AB700BACB75 /* Sources */ = {
			isa = PBXSourcesBuildPhase;
			buildActionMask = 2147483647;
			files = (
			);
			runOnlyForDeploymentPostprocessing = 0;
		};
/* End PBXSourcesBuildPhase section */

/* Begin PBXTargetDependency section */
		F822F6B92EB51AB700BACB75 /* PBXTargetDependency */ = {
			isa = PBXTargetDependency;
			target = F822F6A92EB51AB500BACB75 /* FNative */;
			targetProxy = F822F6B82EB51AB700BACB75 /* PBXContainerItemProxy */;
		};
		F822F6C32EB51AB700BACB75 /* PBXTargetDependency */ = {
			isa = PBXTargetDependency;
			target = F822F6A92EB51AB500BACB75 /* FNative */;
			targetProxy = F822F6C22EB51AB700BACB75 /* PBXContainerItemProxy */;
		};
/* End PBXTargetDependency section */

/* Begin XCBuildConfiguration section */
		F822F6C92EB51AB700BACB75 /* Debug */ = {
			isa = XCBuildConfiguration;
			buildSettings = {
				ALWAYS_SEARCH_USER_PATHS = NO;
				ASSETCATALOG_COMPILER_GENERATE_SWIFT_ASSET_SYMBOL_EXTENSIONS = YES;
				CLANG_ANALYZER_NONNULL = YES;
				CLANG_ANALYZER_NUMBER_OBJECT_CONVERSION = YES_AGGRESSIVE;
				CLANG_CXX_LANGUAGE_STANDARD = "gnu++20";
				CLANG_ENABLE_MODULES = YES;
				CLANG_ENABLE_OBJC_ARC = YES;
				CLANG_ENABLE_OBJC_WEAK = YES;
				CLANG_WARN_BLOCK_CAPTURE_AUTORELEASING = YES;
				CLANG_WARN_BOOL_CONVERSION = YES;
				CLANG_WARN_COMMA = YES;
				CLANG_WARN_CONSTANT_CONVERSION = YES;
				CLANG_WARN_DEPRECATED_OBJC_IMPLEMENTATIONS = YES;
				CLANG_WARN_DIRECT_OBJC_ISA_USAGE = YES_ERROR;
				CLANG_WARN_DOCUMENTATION_COMMENTS = YES;
				CLANG_WARN_EMPTY_BODY = YES;
				CLANG_WARN_ENUM_CONVERSION = YES;
				CLANG_WARN_INFINITE_RECURSION = YES;
				CLANG_WARN_INT_CONVERSION = YES;
				CLANG_WARN_NON_LITERAL_NULL_CONVERSION = YES;
				CLANG_WARN_OBJC_IMPLICIT_RETAIN_SELF = YES;
				CLANG_WARN_OBJC_LITERAL_CONVERSION = YES;
				CLANG_WARN_OBJC_ROOT_CLASS = YES_ERROR;
				CLANG_WARN_QUOTED_INCLUDE_IN_FRAMEWORK_HEADER = YES;
				CLANG_WARN_RANGE_LOOP_ANALYSIS = YES;
				CLANG_WARN_STRICT_PROTOTYPES = YES;
				CLANG_WARN_SUSPICIOUS_MOVE = YES;
				CLANG_WARN_UNGUARDED_AVAILABILITY = YES_AGGRESSIVE;
				CLANG_WARN_UNREACHABLE_CODE = YES;
				CLANG_WARN__DUPLICATE_METHOD_MATCH = YES;
				COPY_PHASE_STRIP = NO;
				DEBUG_INFORMATION_FORMAT = dwarf;
				DEVELOPMENT_TEAM = KWU77R3TC2;
				ENABLE_STRICT_OBJC_MSGSEND = YES;
				ENABLE_TESTABILITY = YES;
				ENABLE_USER_SCRIPT_SANDBOXING = YES;
				GCC_C_LANGUAGE_STANDARD = gnu17;
				GCC_DYNAMIC_NO_PIC = NO;
				GCC_NO_COMMON_BLOCKS = YES;
				GCC_OPTIMIZATION_LEVEL = 0;
				GCC_PREPROCESSOR_DEFINITIONS = (
					"DEBUG=1",
					"$(inherited)",
				);
				GCC_WARN_64_TO_32_BIT_CONVERSION = YES;
				GCC_WARN_ABOUT_RETURN_TYPE = YES_ERROR;
				GCC_WARN_UNDECLARED_SELECTOR = YES;
				GCC_WARN_UNINITIALIZED_AUTOS = YES_AGGRESSIVE;
				GCC_WARN_UNUSED_FUNCTION = YES;
				GCC_WARN_UNUSED_VARIABLE = YES;
				IPHONEOS_DEPLOYMENT_TARGET = 26.0;
				LOCALIZATION_PREFERS_STRING_CATALOGS = YES;
				MTL_ENABLE_DEBUG_INFO = INCLUDE_SOURCE;
				MTL_FAST_MATH = YES;
				ONLY_ACTIVE_ARCH = YES;
				SDKROOT = iphoneos;
				SWIFT_ACTIVE_COMPILATION_CONDITIONS = "DEBUG $(inherited)";
				SWIFT_OPTIMIZATION_LEVEL = "-Onone";
			};
			name = Debug;
		};
		F822F6CA2EB51AB700BACB75 /* Release */ = {
			isa = XCBuildConfiguration;
			buildSettings = {
				ALWAYS_SEARCH_USER_PATHS = NO;
				ASSETCATALOG_COMPILER_GENERATE_SWIFT_ASSET_SYMBOL_EXTENSIONS = YES;
				CLANG_ANALYZER_NONNULL = YES;
				CLANG_ANALYZER_NUMBER_OBJECT_CONVERSION = YES_AGGRESSIVE;
				CLANG_CXX_LANGUAGE_STANDARD = "gnu++20";
				CLANG_ENABLE_MODULES = YES;
				CLANG_ENABLE_OBJC_ARC = YES;
				CLANG_ENABLE_OBJC_WEAK = YES;
				CLANG_WARN_BLOCK_CAPTURE_AUTORELEASING = YES;
				CLANG_WARN_BOOL_CONVERSION = YES;
				CLANG_WARN_COMMA = YES;
				CLANG_WARN_CONSTANT_CONVERSION = YES;
				CLANG_WARN_DEPRECATED_OBJC_IMPLEMENTATIONS = YES;
				CLANG_WARN_DIRECT_OBJC_ISA_USAGE = YES_ERROR;
				CLANG_WARN_DOCUMENTATION_COMMENTS = YES;
				CLANG_WARN_EMPTY_BODY = YES;
				CLANG_WARN_ENUM_CONVERSION = YES;
				CLANG_WARN_INFINITE_RECURSION = YES;
				CLANG_WARN_INT_CONVERSION = YES;
				CLANG_WARN_NON_LITERAL_NULL_CONVERSION = YES;
				CLANG_WARN_OBJC_IMPLICIT_RETAIN_SELF = YES;
				CLANG_WARN_OBJC_LITERAL_CONVERSION = YES;
				CLANG_WARN_OBJC_ROOT_CLASS = YES_ERROR;
				CLANG_WARN_QUOTED_INCLUDE_IN_FRAMEWORK_HEADER = YES;
				CLANG_WARN_RANGE_LOOP_ANALYSIS = YES;
				CLANG_WARN_STRICT_PROTOTYPES = YES;
				CLANG_WARN_SUSPICIOUS_MOVE = YES;
				CLANG_WARN_UNGUARDED_AVAILABILITY = YES_AGGRESSIVE;
				CLANG_WARN_UNREACHABLE_CODE = YES;
				CLANG_WARN__DUPLICATE_METHOD_MATCH = YES;
				COPY_PHASE_STRIP = NO;
				DEBUG_INFORMATION_FORMAT = "dwarf-with-dsym";
				DEVELOPMENT_TEAM = KWU77R3TC2;
				ENABLE_NS_ASSERTIONS = NO;
				ENABLE_STRICT_OBJC_MSGSEND = YES;
				ENABLE_USER_SCRIPT_SANDBOXING = YES;
				GCC_C_LANGUAGE_STANDARD = gnu17;
				GCC_NO_COMMON_BLOCKS = YES;
				GCC_WARN_64_TO_32_BIT_CONVERSION = YES;
				GCC_WARN_ABOUT_RETURN_TYPE = YES_ERROR;
				GCC_WARN_UNDECLARED_SELECTOR = YES;
				GCC_WARN_UNINITIALIZED_AUTOS = YES_AGGRESSIVE;
				GCC_WARN_UNUSED_FUNCTION = YES;
				GCC_WARN_UNUSED_VARIABLE = YES;
				IPHONEOS_DEPLOYMENT_TARGET = 26.0;
				LOCALIZATION_PREFERS_STRING_CATALOGS = YES;
				MTL_ENABLE_DEBUG_INFO = NO;
				MTL_FAST_MATH = YES;
				SDKROOT = iphoneos;
				SWIFT_COMPILATION_MODE = wholemodule;
				VALIDATE_PRODUCT = YES;
			};
			name = Release;
		};
		F822F6CC2EB51AB700BACB75 /* Debug */ = {
			isa = XCBuildConfiguration;
			baseConfigurationReference = 71A635AEC62F8888A74DA378 /* Pods-FNative.debug.xcconfig */;
			buildSettings = {
				ASSETCATALOG_COMPILER_APPICON_NAME = AppIcon;
				ASSETCATALOG_COMPILER_GLOBAL_ACCENT_COLOR_NAME = AccentColor;
				CODE_SIGN_STYLE = Automatic;
				CURRENT_PROJECT_VERSION = 1;
				DEVELOPMENT_TEAM = KWU77R3TC2;
				ENABLE_PREVIEWS = YES;
				ENABLE_USER_SCRIPT_SANDBOXING = NO;
				FRAMEWORK_SEARCH_PATHS = (
					"$(inherited)",
					"\"${PODS_CONFIGURATION_BUILD_DIR}/FlutterPluginRegistrant\"",
					"\"${PODS_CONFIGURATION_BUILD_DIR}/Flutter\"",
				);
				GENERATE_INFOPLIST_FILE = YES;
				INFOPLIST_KEY_UIApplicationSceneManifest_Generation = YES;
				INFOPLIST_KEY_UIApplicationSupportsIndirectInputEvents = YES;
				INFOPLIST_KEY_UILaunchScreen_Generation = YES;
				INFOPLIST_KEY_UISupportedInterfaceOrientations_iPad = "UIInterfaceOrientationPortrait UIInterfaceOrientationPortraitUpsideDown UIInterfaceOrientationLandscapeLeft UIInterfaceOrientationLandscapeRight";
				INFOPLIST_KEY_UISupportedInterfaceOrientations_iPhone = "UIInterfaceOrientationPortrait UIInterfaceOrientationLandscapeLeft UIInterfaceOrientationLandscapeRight";
				IPHONEOS_DEPLOYMENT_TARGET = 18;
				LD_RUNPATH_SEARCH_PATHS = (
					"$(inherited)",
					"@executable_path/Frameworks",
				);
				MARKETING_VERSION = 1.0;
				PRODUCT_BUNDLE_IDENTIFIER = com.little.things.FNative;
				PRODUCT_NAME = "$(TARGET_NAME)";
				STRING_CATALOG_GENERATE_SYMBOLS = YES;
				SWIFT_APPROACHABLE_CONCURRENCY = YES;
				SWIFT_DEFAULT_ACTOR_ISOLATION = MainActor;
				SWIFT_EMIT_LOC_STRINGS = YES;
				SWIFT_UPCOMING_FEATURE_MEMBER_IMPORT_VISIBILITY = YES;
				SWIFT_VERSION = 5.0;
				TARGETED_DEVICE_FAMILY = "1,2";
			};
			name = Debug;
		};
		F822F6CD2EB51AB700BACB75 /* Release */ = {
			isa = XCBuildConfiguration;
			baseConfigurationReference = CDA11C90BC94F4893B35DFC9 /* Pods-FNative.release.xcconfig */;
			buildSettings = {
				ASSETCATALOG_COMPILER_APPICON_NAME = AppIcon;
				ASSETCATALOG_COMPILER_GLOBAL_ACCENT_COLOR_NAME = AccentColor;
				CODE_SIGN_STYLE = Automatic;
				CURRENT_PROJECT_VERSION = 1;
				DEVELOPMENT_TEAM = KWU77R3TC2;
				ENABLE_PREVIEWS = YES;
				ENABLE_USER_SCRIPT_SANDBOXING = NO;
				GENERATE_INFOPLIST_FILE = YES;
				INFOPLIST_KEY_UIApplicationSceneManifest_Generation = YES;
				INFOPLIST_KEY_UIApplicationSupportsIndirectInputEvents = YES;
				INFOPLIST_KEY_UILaunchScreen_Generation = YES;
				INFOPLIST_KEY_UISupportedInterfaceOrientations_iPad = "UIInterfaceOrientationPortrait UIInterfaceOrientationPortraitUpsideDown UIInterfaceOrientationLandscapeLeft UIInterfaceOrientationLandscapeRight";
				INFOPLIST_KEY_UISupportedInterfaceOrientations_iPhone = "UIInterfaceOrientationPortrait UIInterfaceOrientationLandscapeLeft UIInterfaceOrientationLandscapeRight";
				IPHONEOS_DEPLOYMENT_TARGET = 18;
				LD_RUNPATH_SEARCH_PATHS = (
					"$(inherited)",
					"@executable_path/Frameworks",
				);
				MARKETING_VERSION = 1.0;
				PRODUCT_BUNDLE_IDENTIFIER = com.little.things.FNative;
				PRODUCT_NAME = "$(TARGET_NAME)";
				STRING_CATALOG_GENERATE_SYMBOLS = YES;
				SWIFT_APPROACHABLE_CONCURRENCY = YES;
				SWIFT_DEFAULT_ACTOR_ISOLATION = MainActor;
				SWIFT_EMIT_LOC_STRINGS = YES;
				SWIFT_UPCOMING_FEATURE_MEMBER_IMPORT_VISIBILITY = YES;
				SWIFT_VERSION = 5.0;
				TARGETED_DEVICE_FAMILY = "1,2";
			};
			name = Release;
		};
		F822F6CF2EB51AB700BACB75 /* Debug */ = {
			isa = XCBuildConfiguration;
			buildSettings = {
				BUNDLE_LOADER = "$(TEST_HOST)";
				CODE_SIGN_STYLE = Automatic;
				CURRENT_PROJECT_VERSION = 1;
				DEVELOPMENT_TEAM = KWU77R3TC2;
				GENERATE_INFOPLIST_FILE = YES;
				IPHONEOS_DEPLOYMENT_TARGET = 26.0;
				MARKETING_VERSION = 1.0;
				PRODUCT_BUNDLE_IDENTIFIER = com.little.things.FNativeTests;
				PRODUCT_NAME = "$(TARGET_NAME)";
				STRING_CATALOG_GENERATE_SYMBOLS = NO;
				SWIFT_APPROACHABLE_CONCURRENCY = YES;
				SWIFT_EMIT_LOC_STRINGS = NO;
				SWIFT_UPCOMING_FEATURE_MEMBER_IMPORT_VISIBILITY = YES;
				SWIFT_VERSION = 5.0;
				TARGETED_DEVICE_FAMILY = "1,2";
				TEST_HOST = "$(BUILT_PRODUCTS_DIR)/FNative.app/$(BUNDLE_EXECUTABLE_FOLDER_PATH)/FNative";
			};
			name = Debug;
		};
		F822F6D02EB51AB700BACB75 /* Release */ = {
			isa = XCBuildConfiguration;
			buildSettings = {
				BUNDLE_LOADER = "$(TEST_HOST)";
				CODE_SIGN_STYLE = Automatic;
				CURRENT_PROJECT_VERSION = 1;
				DEVELOPMENT_TEAM = KWU77R3TC2;
				GENERATE_INFOPLIST_FILE = YES;
				IPHONEOS_DEPLOYMENT_TARGET = 26.0;
				MARKETING_VERSION = 1.0;
				PRODUCT_BUNDLE_IDENTIFIER = com.little.things.FNativeTests;
				PRODUCT_NAME = "$(TARGET_NAME)";
				STRING_CATALOG_GENERATE_SYMBOLS = NO;
				SWIFT_APPROACHABLE_CONCURRENCY = YES;
				SWIFT_EMIT_LOC_STRINGS = NO;
				SWIFT_UPCOMING_FEATURE_MEMBER_IMPORT_VISIBILITY = YES;
				SWIFT_VERSION = 5.0;
				TARGETED_DEVICE_FAMILY = "1,2";
				TEST_HOST = "$(BUILT_PRODUCTS_DIR)/FNative.app/$(BUNDLE_EXECUTABLE_FOLDER_PATH)/FNative";
			};
			name = Release;
		};
		F822F6D22EB51AB700BACB75 /* Debug */ = {
			isa = XCBuildConfiguration;
			buildSettings = {
				CODE_SIGN_STYLE = Automatic;
				CURRENT_PROJECT_VERSION = 1;
				DEVELOPMENT_TEAM = KWU77R3TC2;
				GENERATE_INFOPLIST_FILE = YES;
				MARKETING_VERSION = 1.0;
				PRODUCT_BUNDLE_IDENTIFIER = com.little.things.FNativeUITests;
				PRODUCT_NAME = "$(TARGET_NAME)";
				STRING_CATALOG_GENERATE_SYMBOLS = NO;
				SWIFT_APPROACHABLE_CONCURRENCY = YES;
				SWIFT_EMIT_LOC_STRINGS = NO;
				SWIFT_UPCOMING_FEATURE_MEMBER_IMPORT_VISIBILITY = YES;
				SWIFT_VERSION = 5.0;
				TARGETED_DEVICE_FAMILY = "1,2";
				TEST_TARGET_NAME = FNative;
			};
			name = Debug;
		};
		F822F6D32EB51AB700BACB75 /* Release */ = {
			isa = XCBuildConfiguration;
			buildSettings = {
				CODE_SIGN_STYLE = Automatic;
				CURRENT_PROJECT_VERSION = 1;
				DEVELOPMENT_TEAM = KWU77R3TC2;
				GENERATE_INFOPLIST_FILE = YES;
				MARKETING_VERSION = 1.0;
				PRODUCT_BUNDLE_IDENTIFIER = com.little.things.FNativeUITests;
				PRODUCT_NAME = "$(TARGET_NAME)";
				STRING_CATALOG_GENERATE_SYMBOLS = NO;
				SWIFT_APPROACHABLE_CONCURRENCY = YES;
				SWIFT_EMIT_LOC_STRINGS = NO;
				SWIFT_UPCOMING_FEATURE_MEMBER_IMPORT_VISIBILITY = YES;
				SWIFT_VERSION = 5.0;
				TARGETED_DEVICE_FAMILY = "1,2";
				TEST_TARGET_NAME = FNative;
			};
			name = Release;
		};
/* End XCBuildConfiguration section */

/* Begin XCConfigurationList section */
		F822F6A52EB51AB500BACB75 /* Build configuration list for PBXProject "FNative" */ = {
			isa = XCConfigurationList;
			buildConfigurations = (
				F822F6C92EB51AB700BACB75 /* Debug */,
				F822F6CA2EB51AB700BACB75 /* Release */,
			);
			defaultConfigurationIsVisible = 0;
			defaultConfigurationName = Release;
		};
		F822F6CB2EB51AB700BACB75 /* Build configuration list for PBXNativeTarget "FNative" */ = {
			isa = XCConfigurationList;
			buildConfigurations = (
				F822F6CC2EB51AB700BACB75 /* Debug */,
				F822F6CD2EB51AB700BACB75 /* Release */,
			);
			defaultConfigurationIsVisible = 0;
			defaultConfigurationName = Release;
		};
		F822F6CE2EB51AB700BACB75 /* Build configuration list for PBXNativeTarget "FNativeTests" */ = {
			isa = XCConfigurationList;
			buildConfigurations = (
				F822F6CF2EB51AB700BACB75 /* Debug */,
				F822F6D02EB51AB700BACB75 /* Release */,
			);
			defaultConfigurationIsVisible = 0;
			defaultConfigurationName = Release;
		};
		F822F6D12EB51AB700BACB75 /* Build configuration list for PBXNativeTarget "FNativeUITests" */ = {
			isa = XCConfigurationList;
			buildConfigurations = (
				F822F6D22EB51AB700BACB75 /* Debug */,
				F822F6D32EB51AB700BACB75 /* Release */,
			);
			defaultConfigurationIsVisible = 0;
			defaultConfigurationName = Release;
		};
/* End XCConfigurationList section */
	};
	rootObject = F822F6A22EB51AB500BACB75 /* Project object */;
}
