PODS:
  - Flutter (1.0.0)
  - FlutterPluginRegistrant (0.0.1):
    - Flutter

DEPENDENCIES:
  - Flutter (from `../f_home/.ios/Flutter`)
  - FlutterPluginRegistrant (from `../f_home/.ios/Flutter/FlutterPluginRegistrant`)

EXTERNAL SOURCES:
  Flutter:
    :path: "../f_home/.ios/Flutter"
  FlutterPluginRegistrant:
    :path: "../f_home/.ios/Flutter/FlutterPluginRegistrant"

SPEC CHECKSUMS:
  Flutter: cabc95a1d2626b1b06e7179b784ebcf0c0cde467
  FlutterPluginRegistrant: 1bf2b93dcc6a731089dfe77f7a867be153c5008f

PODFILE CHECKSUM: 52f787938e8584266e186eff04f3580009185412

COCOAPODS: 1.16.2
